
Microsoft Visual Studio Solution File, Format Version 12.00
# Visual Studio Version 17
VisualStudioVersion = 17.3.32825.248
MinimumVisualStudioVersion = 10.0.40219.1
Project("{FAE04EC0-301F-11D3-BF4B-00C04F79EFBC}") = "Modul1", "Modul1\Modul1.csproj", "{05C77447-F153-4271-B2E5-5FD371576549}"
EndProject
Global
	GlobalSection(SolutionConfigurationPlatforms) = preSolution
		Debug|Any CPU = Debug|Any CPU
		Release|Any CPU = Release|Any CPU
	EndGlobalSection
	GlobalSection(ProjectConfigurationPlatforms) = postSolution
		{05C77447-F153-4271-B2E5-5FD371576549}.Debug|Any CPU.ActiveCfg = Debug|Any CPU
		{05C77447-F153-4271-B2E5-5FD371576549}.Debug|Any CPU.Build.0 = Debug|Any CPU
		{05C77447-F153-4271-B2E5-5FD371576549}.Release|Any CPU.ActiveCfg = Release|Any CPU
		{05C77447-F153-4271-B2E5-5FD371576549}.Release|Any CPU.Build.0 = Release|Any CPU
	EndGlobalSection
	GlobalSection(SolutionProperties) = preSolution
		HideSolutionNode = FALSE
	EndGlobalSection
	GlobalSection(ExtensibilityGlobals) = postSolution
		SolutionGuid = {75640F9F-F70E-424F-97AA-536ED6A0A518}
	EndGlobalSection
EndGlobal
